{
  "requires": true,
  "lockfileVersion": 1,
  "dependencies": {
    "angular-bootstrap-md": {
      "version": "5.0.5",
      "resolved": "https://registry.npmjs.org/angular-bootstrap-md/-/angular-bootstrap-md-5.0.5.tgz",
      "integrity": "sha512-YETDPT5D79JfYJ8gdqbUkjQZcQtmznRW3Vy/D7Uk0RNtZwt9QGZa0FbQyp7NH3UCFAX7ceSj5D9F3RSWpOn3gw==",
      "requires": {
        "moment": "2.18.1"
      }
    },
    "moment": {
      "version": "2.18.1",
      "resolved": "https://registry.npmjs.org/moment/-/moment-2.18.1.tgz",
      "integrity": "sha1-w2GT3Tzhwu7SrbfIAtu8d6gbHA8="
    }
  }
}
